
Microsoft Visual Studio Solution File, Format Version 12.00
# Visual Studio Version 17
VisualStudioVersion = 17.0.31903.59
MinimumVisualStudioVersion = 10.0.40219.1
Project("{FAE04EC0-301F-11D3-BF4B-00C04F79EFBC}") = "RESTFul.API", "RESTFul.API\RESTFul.API.csproj", "{607AA30E-C72B-43B8-90CD-E4411E7F3D6C}"
EndProject
Project("{FAE04EC0-301F-11D3-BF4B-00C04F79EFBC}") = "RESTFul.Domain", "RESTFul.Domain\RESTFul.Domain.csproj", "{E0E6C246-83ED-43E4-AB5B-2EA3A264FC62}"
EndProject
Project("{FAE04EC0-301F-11D3-BF4B-00C04F79EFBC}") = "RESTFul.Infrastructure", "RESTFul.Infrastructure\RESTFul.Infrastructure.csproj", "{8EBA6C8D-C830-4C85-A9A9-0C57B6BA5C27}"
EndProject
Global
	GlobalSection(SolutionConfigurationPlatforms) = preSolution
		Debug|Any CPU = Debug|Any CPU
		Debug|x64 = Debug|x64
		Debug|x86 = Debug|x86
		Release|Any CPU = Release|Any CPU
		Release|x64 = Release|x64
		Release|x86 = Release|x86
	EndGlobalSection
	GlobalSection(ProjectConfigurationPlatforms) = postSolution
		{607AA30E-C72B-43B8-90CD-E4411E7F3D6C}.Debug|Any CPU.ActiveCfg = Debug|Any CPU
		{607AA30E-C72B-43B8-90CD-E4411E7F3D6C}.Debug|Any CPU.Build.0 = Debug|Any CPU
		{607AA30E-C72B-43B8-90CD-E4411E7F3D6C}.Debug|x64.ActiveCfg = Debug|Any CPU
		{607AA30E-C72B-43B8-90CD-E4411E7F3D6C}.Debug|x64.Build.0 = Debug|Any CPU
		{607AA30E-C72B-43B8-90CD-E4411E7F3D6C}.Debug|x86.ActiveCfg = Debug|Any CPU
		{607AA30E-C72B-43B8-90CD-E4411E7F3D6C}.Debug|x86.Build.0 = Debug|Any CPU
		{607AA30E-C72B-43B8-90CD-E4411E7F3D6C}.Release|Any CPU.ActiveCfg = Release|Any CPU
		{607AA30E-C72B-43B8-90CD-E4411E7F3D6C}.Release|Any CPU.Build.0 = Release|Any CPU
		{607AA30E-C72B-43B8-90CD-E4411E7F3D6C}.Release|x64.ActiveCfg = Release|Any CPU
		{607AA30E-C72B-43B8-90CD-E4411E7F3D6C}.Release|x64.Build.0 = Release|Any CPU
		{607AA30E-C72B-43B8-90CD-E4411E7F3D6C}.Release|x86.ActiveCfg = Release|Any CPU
		{607AA30E-C72B-43B8-90CD-E4411E7F3D6C}.Release|x86.Build.0 = Release|Any CPU
		{E0E6C246-83ED-43E4-AB5B-2EA3A264FC62}.Debug|Any CPU.ActiveCfg = Debug|Any CPU
		{E0E6C246-83ED-43E4-AB5B-2EA3A264FC62}.Debug|Any CPU.Build.0 = Debug|Any CPU
		{E0E6C246-83ED-43E4-AB5B-2EA3A264FC62}.Debug|x64.ActiveCfg = Debug|Any CPU
		{E0E6C246-83ED-43E4-AB5B-2EA3A264FC62}.Debug|x64.Build.0 = Debug|Any CPU
		{E0E6C246-83ED-43E4-AB5B-2EA3A264FC62}.Debug|x86.ActiveCfg = Debug|Any CPU
		{E0E6C246-83ED-43E4-AB5B-2EA3A264FC62}.Debug|x86.Build.0 = Debug|Any CPU
		{E0E6C246-83ED-43E4-AB5B-2EA3A264FC62}.Release|Any CPU.ActiveCfg = Release|Any CPU
		{E0E6C246-83ED-43E4-AB5B-2EA3A264FC62}.Release|Any CPU.Build.0 = Release|Any CPU
		{E0E6C246-83ED-43E4-AB5B-2EA3A264FC62}.Release|x64.ActiveCfg = Release|Any CPU
		{E0E6C246-83ED-43E4-AB5B-2EA3A264FC62}.Release|x64.Build.0 = Release|Any CPU
		{E0E6C246-83ED-43E4-AB5B-2EA3A264FC62}.Release|x86.ActiveCfg = Release|Any CPU
		{E0E6C246-83ED-43E4-AB5B-2EA3A264FC62}.Release|x86.Build.0 = Release|Any CPU
		{8EBA6C8D-C830-4C85-A9A9-0C57B6BA5C27}.Debug|Any CPU.ActiveCfg = Debug|Any CPU
		{8EBA6C8D-C830-4C85-A9A9-0C57B6BA5C27}.Debug|Any CPU.Build.0 = Debug|Any CPU
		{8EBA6C8D-C830-4C85-A9A9-0C57B6BA5C27}.Debug|x64.ActiveCfg = Debug|Any CPU
		{8EBA6C8D-C830-4C85-A9A9-0C57B6BA5C27}.Debug|x64.Build.0 = Debug|Any CPU
		{8EBA6C8D-C830-4C85-A9A9-0C57B6BA5C27}.Debug|x86.ActiveCfg = Debug|Any CPU
		{8EBA6C8D-C830-4C85-A9A9-0C57B6BA5C27}.Debug|x86.Build.0 = Debug|Any CPU
		{8EBA6C8D-C830-4C85-A9A9-0C57B6BA5C27}.Release|Any CPU.ActiveCfg = Release|Any CPU
		{8EBA6C8D-C830-4C85-A9A9-0C57B6BA5C27}.Release|Any CPU.Build.0 = Release|Any CPU
		{8EBA6C8D-C830-4C85-A9A9-0C57B6BA5C27}.Release|x64.ActiveCfg = Release|Any CPU
		{8EBA6C8D-C830-4C85-A9A9-0C57B6BA5C27}.Release|x64.Build.0 = Release|Any CPU
		{8EBA6C8D-C830-4C85-A9A9-0C57B6BA5C27}.Release|x86.ActiveCfg = Release|Any CPU
		{8EBA6C8D-C830-4C85-A9A9-0C57B6BA5C27}.Release|x86.Build.0 = Release|Any CPU
	EndGlobalSection
	GlobalSection(SolutionProperties) = preSolution
		HideSolutionNode = FALSE
	EndGlobalSection
EndGlobal
